
Microsoft Visual Studio Solution File, Format Version 12.00
# Visual Studio 15
VisualStudioVersion = 15.0.28307.539
MinimumVisualStudioVersion = 10.0.40219.1
Project("{FAE04EC0-301F-11D3-BF4B-00C04F79EFBC}") = "ImageToAscii", "ImageToAscii\ImageToAscii.csproj", "{3BC790C1-2678-4182-9240-49BBA1BD198A}"
EndProject
Global
	GlobalSection(SolutionConfigurationPlatforms) = preSolution
		Debug|Any CPU = Debug|Any CPU
		Release|Any CPU = Release|Any CPU
	EndGlobalSection
	GlobalSection(ProjectConfigurationPlatforms) = postSolution
		{3BC790C1-2678-4182-9240-49BBA1BD198A}.Debug|Any CPU.ActiveCfg = Debug|Any CPU
		{3BC790C1-2678-4182-9240-49BBA1BD198A}.Debug|Any CPU.Build.0 = Debug|Any CPU
		{3BC790C1-2678-4182-9240-49BBA1BD198A}.Release|Any CPU.ActiveCfg = Release|Any CPU
		{3BC790C1-2678-4182-9240-49BBA1BD198A}.Release|Any CPU.Build.0 = Release|Any CPU
	EndGlobalSection
	GlobalSection(SolutionProperties) = preSolution
		HideSolutionNode = FALSE
	EndGlobalSection
	GlobalSection(ExtensibilityGlobals) = postSolution
		SolutionGuid = {D3D239E2-AB87-41FC-9C15-0454F648B67B}
	EndGlobalSection
EndGlobal
